
Microsoft Visual Studio Solution File, Format Version 12.00
# Visual Studio Version 16
VisualStudioVersion = 16.0.30320.27
MinimumVisualStudioVersion = 10.0.40219.1
Project("{FAE04EC0-301F-11D3-BF4B-00C04F79EFBC}") = "CSSampleApp", "CSSampleApp.csproj", "{B0398C77-5505-4968-AB0C-7782102A9EF4}"
EndProject
Global
	GlobalSection(SolutionConfigurationPlatforms) = preSolution
		Debug|Any CPU = Debug|Any CPU
		Release|Any CPU = Release|Any CPU
	EndGlobalSection
	GlobalSection(ProjectConfigurationPlatforms) = postSolution
		{B0398C77-5505-4968-AB0C-7782102A9EF4}.Debug|Any CPU.ActiveCfg = Debug|Any CPU
		{B0398C77-5505-4968-AB0C-7782102A9EF4}.Debug|Any CPU.Build.0 = Debug|Any CPU
		{B0398C77-5505-4968-AB0C-7782102A9EF4}.Release|Any CPU.ActiveCfg = Release|Any CPU
		{B0398C77-5505-4968-AB0C-7782102A9EF4}.Release|Any CPU.Build.0 = Release|Any CPU
	EndGlobalSection
	GlobalSection(SolutionProperties) = preSolution
		HideSolutionNode = FALSE
	EndGlobalSection
	GlobalSection(ExtensibilityGlobals) = postSolution
		SolutionGuid = {0EC7EBFF-E999-4F78-9495-B4D3136C5C34}
	EndGlobalSection
EndGlobal
